
Microsoft Visual Studio Solution File, Format Version 12.00
# Visual Studio Version 16
VisualStudioVersion = 25.0.1700.6
MinimumVisualStudioVersion = 10.0.40219.1
Project("{FAE04EC0-301F-11D3-BF4B-00C04F79EFBC}") = "T09-Ejercicio9", "T09-Ejercicio9.csproj", "{A463E398-2696-430F-B082-A6CB5E6440A1}"
EndProject
Global
	GlobalSection(SolutionConfigurationPlatforms) = preSolution
		Debug|Any CPU = Debug|Any CPU
		Release|Any CPU = Release|Any CPU
	EndGlobalSection
	GlobalSection(ProjectConfigurationPlatforms) = postSolution
		{A463E398-2696-430F-B082-A6CB5E6440A1}.Debug|Any CPU.ActiveCfg = Debug|Any CPU
		{A463E398-2696-430F-B082-A6CB5E6440A1}.Debug|Any CPU.Build.0 = Debug|Any CPU
		{A463E398-2696-430F-B082-A6CB5E6440A1}.Release|Any CPU.ActiveCfg = Release|Any CPU
		{A463E398-2696-430F-B082-A6CB5E6440A1}.Release|Any CPU.Build.0 = Release|Any CPU
	EndGlobalSection
	GlobalSection(SolutionProperties) = preSolution
		HideSolutionNode = FALSE
	EndGlobalSection
	GlobalSection(ExtensibilityGlobals) = postSolution
		SolutionGuid = {33945818-9781-4443-BCF0-42CB52E746E6}
	EndGlobalSection
EndGlobal
